
Microsoft Visual Studio Solution File, Format Version 12.00
Project("{FAE04EC0-301F-11D3-BF4B-00C04F79EFBC}") = "GFLCourseTask1", "GFLCourseTask1\GFLCourseTask1.csproj", "{28348A40-19E9-4688-89B9-F177618C135A}"
EndProject
Global
	GlobalSection(SolutionConfigurationPlatforms) = preSolution
		Debug|Any CPU = Debug|Any CPU
		Release|Any CPU = Release|Any CPU
	EndGlobalSection
	GlobalSection(ProjectConfigurationPlatforms) = postSolution
		{28348A40-19E9-4688-89B9-F177618C135A}.Debug|Any CPU.ActiveCfg = Debug|Any CPU
		{28348A40-19E9-4688-89B9-F177618C135A}.Debug|Any CPU.Build.0 = Debug|Any CPU
		{28348A40-19E9-4688-89B9-F177618C135A}.Release|Any CPU.ActiveCfg = Release|Any CPU
		{28348A40-19E9-4688-89B9-F177618C135A}.Release|Any CPU.Build.0 = Release|Any CPU
	EndGlobalSection
EndGlobal
